
Microsoft Visual Studio Solution File, Format Version 12.00
# Visual Studio Version 17
VisualStudioVersion = 17.9.34723.18
MinimumVisualStudioVersion = 10.0.40219.1
Project("{FAE04EC0-301F-11D3-BF4B-00C04F79EFBC}") = "UserManager.Web", "UserManager.Web\UserManager.Web.csproj", "{6CB01B34-D04B-446C-965F-8DC42206261E}"
EndProject
Global
	GlobalSection(SolutionConfigurationPlatforms) = preSolution
		Debug|Any CPU = Debug|Any CPU
		Release|Any CPU = Release|Any CPU
	EndGlobalSection
	GlobalSection(ProjectConfigurationPlatforms) = postSolution
		{6CB01B34-D04B-446C-965F-8DC42206261E}.Debug|Any CPU.ActiveCfg = Debug|Any CPU
		{6CB01B34-D04B-446C-965F-8DC42206261E}.Debug|Any CPU.Build.0 = Debug|Any CPU
		{6CB01B34-D04B-446C-965F-8DC42206261E}.Release|Any CPU.ActiveCfg = Release|Any CPU
		{6CB01B34-D04B-446C-965F-8DC42206261E}.Release|Any CPU.Build.0 = Release|Any CPU
	EndGlobalSection
	GlobalSection(SolutionProperties) = preSolution
		HideSolutionNode = FALSE
	EndGlobalSection
	GlobalSection(ExtensibilityGlobals) = postSolution
		SolutionGuid = {218059D6-CC03-4ECD-9958-F9665271F0F4}
	EndGlobalSection
EndGlobal
